
Microsoft Visual Studio Solution File, Format Version 12.00
# Visual Studio Version 17
VisualStudioVersion = 17.10.35027.167
MinimumVisualStudioVersion = 10.0.40219.1
Project("{FAE04EC0-301F-11D3-BF4B-00C04F79EFBC}") = "Inheritance", "Inheritance\Inheritance.csproj", "{F79EFAA9-77C3-4B7E-80F0-B77E850E3567}"
EndProject
Global
	GlobalSection(SolutionConfigurationPlatforms) = preSolution
		Debug|Any CPU = Debug|Any CPU
		Release|Any CPU = Release|Any CPU
	EndGlobalSection
	GlobalSection(ProjectConfigurationPlatforms) = postSolution
		{F79EFAA9-77C3-4B7E-80F0-B77E850E3567}.Debug|Any CPU.ActiveCfg = Debug|Any CPU
		{F79EFAA9-77C3-4B7E-80F0-B77E850E3567}.Debug|Any CPU.Build.0 = Debug|Any CPU
		{F79EFAA9-77C3-4B7E-80F0-B77E850E3567}.Release|Any CPU.ActiveCfg = Release|Any CPU
		{F79EFAA9-77C3-4B7E-80F0-B77E850E3567}.Release|Any CPU.Build.0 = Release|Any CPU
	EndGlobalSection
	GlobalSection(SolutionProperties) = preSolution
		HideSolutionNode = FALSE
	EndGlobalSection
	GlobalSection(ExtensibilityGlobals) = postSolution
		SolutionGuid = {70C028CE-2CCF-4DA9-8480-4BC1325CB89F}
	EndGlobalSection
EndGlobal
